{
  "name": "dexy-ui",
  "version": "1.0.0",
  "lockfileVersion": 1,
  "requires": true,
  "dependencies": {
    "angular": {
      "version": "1.6.8",
      "resolved": "https://registry.npmjs.org/angular/-/angular-1.6.8.tgz",
      "integrity": "sha512-9WErZIOw1Cu1V5Yxdvxz/6YpND8ntdP71fdPpufPFJvZodZXqCjQBYrHqEoMZreO5i84O3D/Jw/vepoFt68Azw=="
    },
    "bourbon": {
      "version": "4.2.7",
      "resolved": "https://registry.npmjs.org/bourbon/-/bourbon-4.2.7.tgz",
      "integrity": "sha1-SKgF3/R1+/YeACpk4eTbaNL4L7o="
    },
    "jquery": {
      "version": "3.2.1",
      "resolved": "https://registry.npmjs.org/jquery/-/jquery-3.2.1.tgz",
      "integrity": "sha1-XE2d5lKvbNCncBVKYxu6ErAVx4c="
    },
    "mdi": {
      "version": "2.0.46",
      "resolved": "https://registry.npmjs.org/mdi/-/mdi-2.0.46.tgz",
      "integrity": "sha1-ZeB6fGIu2gbocc1qM2xg24OT4no="
    },
    "moment": {
      "version": "2.20.1",
      "resolved": "https://registry.npmjs.org/moment/-/moment-2.20.1.tgz",
      "integrity": "sha512-Yh9y73JRljxW5QxN08Fner68eFLxM5ynNOAw2LbIB1YAGeQzZT8QFSUvkAz609Zf+IHhhaUxqZK8dG3W/+HEvg=="
    },
    "official-lumx": {
      "version": "1.7.5",
      "resolved": "https://registry.npmjs.org/official-lumx/-/official-lumx-1.7.5.tgz",
      "integrity": "sha1-CVfyOelo2prjf0QV3lxI7zQu1YI=",
      "requires": {
        "angular": "1.6.8",
        "bourbon": "4.2.7",
        "jquery": "3.2.1",
        "mdi": "2.0.46",
        "moment": "2.20.1",
        "sass-mq": "3.3.2",
        "velocity-animate": "1.5.0"
      }
    },
    "sass-mq": {
      "version": "3.3.2",
      "resolved": "https://registry.npmjs.org/sass-mq/-/sass-mq-3.3.2.tgz",
      "integrity": "sha1-NHLgTDGkMrzVWztgTtxyrppN7xo="
    },
    "velocity-animate": {
      "version": "1.5.0",
      "resolved": "https://registry.npmjs.org/velocity-animate/-/velocity-animate-1.5.0.tgz",
      "integrity": "sha1-/Idx2N/hE2/wKnB+EPuwlXxLAw8="
    }
  }
}
